
Microsoft Visual Studio Solution File, Format Version 12.00
# Visual Studio Version 16
VisualStudioVersion = 16.0.31321.278
MinimumVisualStudioVersion = 10.0.40219.1
Project("{FAE04EC0-301F-11D3-BF4B-00C04F79EFBC}") = "TFOQ", "TFOQ\TFOQ.csproj", "{5A5BA15E-7E86-4981-A710-AF379D492D0C}"
EndProject
Global
	GlobalSection(SolutionConfigurationPlatforms) = preSolution
		Debug|Any CPU = Debug|Any CPU
		Release|Any CPU = Release|Any CPU
	EndGlobalSection
	GlobalSection(ProjectConfigurationPlatforms) = postSolution
		{5A5BA15E-7E86-4981-A710-AF379D492D0C}.Debug|Any CPU.ActiveCfg = Debug|Any CPU
		{5A5BA15E-7E86-4981-A710-AF379D492D0C}.Debug|Any CPU.Build.0 = Debug|Any CPU
		{5A5BA15E-7E86-4981-A710-AF379D492D0C}.Release|Any CPU.ActiveCfg = Release|Any CPU
		{5A5BA15E-7E86-4981-A710-AF379D492D0C}.Release|Any CPU.Build.0 = Release|Any CPU
	EndGlobalSection
	GlobalSection(SolutionProperties) = preSolution
		HideSolutionNode = FALSE
	EndGlobalSection
	GlobalSection(ExtensibilityGlobals) = postSolution
		SolutionGuid = {AAA631E8-4AD7-4F9C-A7D9-79B3474A1453}
	EndGlobalSection
EndGlobal
